
Microsoft Visual Studio Solution File, Format Version 12.00
# Visual Studio Version 17
VisualStudioVersion = 17.5.002.0
MinimumVisualStudioVersion = 10.0.40219.1
Project("{2150E333-8FDC-42A3-9474-1A3956D46DE8}") = "backend", "backend", "{68A8F962-05F5-4131-B7D5-AE40C109610C}"
EndProject
Project("{9A19103F-16F7-4668-BE54-9A1E7A4F7556}") = "DataProcessor", "backend\DataProcessor\DataProcessor.csproj", "{1DDC7035-A602-4DF0-9653-D719041634C4}"
EndProject
Global
	GlobalSection(SolutionConfigurationPlatforms) = preSolution
		Debug|Any CPU = Debug|Any CPU
		Release|Any CPU = Release|Any CPU
	EndGlobalSection
	GlobalSection(ProjectConfigurationPlatforms) = postSolution
		{1DDC7035-A602-4DF0-9653-D719041634C4}.Debug|Any CPU.ActiveCfg = Debug|Any CPU
		{1DDC7035-A602-4DF0-9653-D719041634C4}.Debug|Any CPU.Build.0 = Debug|Any CPU
		{1DDC7035-A602-4DF0-9653-D719041634C4}.Release|Any CPU.ActiveCfg = Release|Any CPU
		{1DDC7035-A602-4DF0-9653-D719041634C4}.Release|Any CPU.Build.0 = Release|Any CPU
	EndGlobalSection
	GlobalSection(SolutionProperties) = preSolution
		HideSolutionNode = FALSE
	EndGlobalSection
	GlobalSection(NestedProjects) = preSolution
		{1DDC7035-A602-4DF0-9653-D719041634C4} = {68A8F962-05F5-4131-B7D5-AE40C109610C}
	EndGlobalSection
	GlobalSection(ExtensibilityGlobals) = postSolution
		SolutionGuid = {3D3352D4-E771-4527-8454-58080D72CF9D}
	EndGlobalSection
EndGlobal
